
Microsoft Visual Studio Solution File, Format Version 12.00
# Visual Studio Version 16
VisualStudioVersion = 16.0.29418.71
MinimumVisualStudioVersion = 10.0.40219.1
Project("{FAE04EC0-301F-11D3-BF4B-00C04F79EFBC}") = "library", "library\library.csproj", "{199CF262-740A-42DA-96FF-2E1030F26C73}"
EndProject
Project("{FAE04EC0-301F-11D3-BF4B-00C04F79EFBC}") = "TimeManagementTool", "TimeManagementTool\TimeManagementTool.csproj", "{0EB85D36-911C-4038-9892-6CBA1EA14650}"
EndProject
Global
	GlobalSection(SolutionConfigurationPlatforms) = preSolution
		Debug|Any CPU = Debug|Any CPU
		Release|Any CPU = Release|Any CPU
	EndGlobalSection
	GlobalSection(ProjectConfigurationPlatforms) = postSolution
		{199CF262-740A-42DA-96FF-2E1030F26C73}.Debug|Any CPU.ActiveCfg = Debug|Any CPU
		{199CF262-740A-42DA-96FF-2E1030F26C73}.Debug|Any CPU.Build.0 = Debug|Any CPU
		{199CF262-740A-42DA-96FF-2E1030F26C73}.Release|Any CPU.ActiveCfg = Release|Any CPU
		{199CF262-740A-42DA-96FF-2E1030F26C73}.Release|Any CPU.Build.0 = Release|Any CPU
		{0EB85D36-911C-4038-9892-6CBA1EA14650}.Debug|Any CPU.ActiveCfg = Debug|Any CPU
		{0EB85D36-911C-4038-9892-6CBA1EA14650}.Debug|Any CPU.Build.0 = Debug|Any CPU
		{0EB85D36-911C-4038-9892-6CBA1EA14650}.Release|Any CPU.ActiveCfg = Release|Any CPU
		{0EB85D36-911C-4038-9892-6CBA1EA14650}.Release|Any CPU.Build.0 = Release|Any CPU
	EndGlobalSection
	GlobalSection(SolutionProperties) = preSolution
		HideSolutionNode = FALSE
	EndGlobalSection
	GlobalSection(ExtensibilityGlobals) = postSolution
		SolutionGuid = {10D8BBA2-189A-43EB-8314-91A74BFFA727}
	EndGlobalSection
EndGlobal
